// !$*UTF8*$!
{
	archiveVersion = 1;
	classes = {
	};
	objectVersion = 46;
	objects = {

/* Begin PBXBuildFile section */
		D7FEA5011D36AE3400816E49 /* Veneer.h in Headers */ = {isa = PBXBuildFile; fileRef = D7FEA5001D36AE3400816E49 /* Veneer.h */; settings = {ATTRIBUTES = (Public, ); }; };
		D7FEA52A1D36AF0B00816E49 /* Veneer+NSAttributedString.swift in Sources */ = {isa = PBXBuildFile; fileRef = D7FEA5291D36AF0B00816E49 /* Veneer+NSAttributedString.swift */; };
		D7FEA52D1D36B97500816E49 /* Attributes.swift in Sources */ = {isa = PBXBuildFile; fileRef = D7FEA52C1D36B97500816E49 /* Attributes.swift */; };
		D7FEA52F1D36B9CE00816E49 /* Transform.swift in Sources */ = {isa = PBXBuildFile; fileRef = D7FEA52E1D36B9CE00816E49 /* Transform.swift */; };
/* End PBXBuildFile section */

/* Begin PBXFileReference section */
		D7FEA4FD1D36AE3400816E49 /* Veneer.framework */ = {isa = PBXFileReference; explicitFileType = wrapper.framework; includeInIndex = 0; path = Veneer.framework; sourceTree = BUILT_PRODUCTS_DIR; };
		D7FEA5001D36AE3400816E49 /* Veneer.h */ = {isa = PBXFileReference; lastKnownFileType = sourcecode.c.h; path = Veneer.h; sourceTree = "<group>"; };
		D7FEA5021D36AE3400816E49 /* Info.plist */ = {isa = PBXFileReference; lastKnownFileType = text.plist.xml; path = Info.plist; sourceTree = "<group>"; };
		D7FEA5291D36AF0B00816E49 /* Veneer+NSAttributedString.swift */ = {isa = PBXFileReference; fileEncoding = 4; lastKnownFileType = sourcecode.swift; path = "Veneer+NSAttributedString.swift"; sourceTree = "<group>"; };
		D7FEA52C1D36B97500816E49 /* Attributes.swift */ = {isa = PBXFileReference; fileEncoding = 4; lastKnownFileType = sourcecode.swift; path = Attributes.swift; sourceTree = "<group>"; };
		D7FEA52E1D36B9CE00816E49 /* Transform.swift */ = {isa = PBXFileReference; fileEncoding = 4; lastKnownFileType = sourcecode.swift; path = Transform.swift; sourceTree = "<group>"; };
/* End PBXFileReference section */

/* Begin PBXFrameworksBuildPhase section */
		D7FEA4F91D36AE3400816E49 /* Frameworks */ = {
			isa = PBXFrameworksBuildPhase;
			buildActionMask = 2147483647;
			files = (
			);
			runOnlyForDeploymentPostprocessing = 0;
		};
/* End PBXFrameworksBuildPhase section */

/* Begin PBXGroup section */
		D7FEA4F31D36AE3400816E49 = {
			isa = PBXGroup;
			children = (
				D7FEA4FF1D36AE3400816E49 /* Sources */,
				D7FEA4FE1D36AE3400816E49 /* Products */,
			);
			sourceTree = "<group>";
		};
		D7FEA4FE1D36AE3400816E49 /* Products */ = {
			isa = PBXGroup;
			children = (
				D7FEA4FD1D36AE3400816E49 /* Veneer.framework */,
			);
			name = Products;
			sourceTree = "<group>";
		};
		D7FEA4FF1D36AE3400816E49 /* Sources */ = {
			isa = PBXGroup;
			children = (
				D7FEA5291D36AF0B00816E49 /* Veneer+NSAttributedString.swift */,
				D7FEA5001D36AE3400816E49 /* Veneer.h */,
				D7FEA5021D36AE3400816E49 /* Info.plist */,
				D7FEA52C1D36B97500816E49 /* Attributes.swift */,
				D7FEA52E1D36B9CE00816E49 /* Transform.swift */,
			);
			path = Sources;
			sourceTree = "<group>";
		};
/* End PBXGroup section */

/* Begin PBXHeadersBuildPhase section */
		D7FEA4FA1D36AE3400816E49 /* Headers */ = {
			isa = PBXHeadersBuildPhase;
			buildActionMask = 2147483647;
			files = (
				D7FEA5011D36AE3400816E49 /* Veneer.h in Headers */,
			);
			runOnlyForDeploymentPostprocessing = 0;
		};
/* End PBXHeadersBuildPhase section */

/* Begin PBXNativeTarget section */
		D7FEA4FC1D36AE3400816E49 /* Veneer */ = {
			isa = PBXNativeTarget;
			buildConfigurationList = D7FEA5051D36AE3400816E49 /* Build configuration list for PBXNativeTarget "Veneer" */;
			buildPhases = (
				D7FEA4F81D36AE3400816E49 /* Sources */,
				D7FEA4F91D36AE3400816E49 /* Frameworks */,
				D7FEA4FA1D36AE3400816E49 /* Headers */,
				D7FEA4FB1D36AE3400816E49 /* Resources */,
			);
			buildRules = (
			);
			dependencies = (
			);
			name = Veneer;
			productName = Veneer;
			productReference = D7FEA4FD1D36AE3400816E49 /* Veneer.framework */;
			productType = "com.apple.product-type.framework";
		};
/* End PBXNativeTarget section */

/* Begin PBXProject section */
		D7FEA4F41D36AE3400816E49 /* Project object */ = {
			isa = PBXProject;
			attributes = {
				LastUpgradeCheck = 0730;
				ORGANIZATIONNAME = "Wess Cope";
				TargetAttributes = {
					D7FEA4FC1D36AE3400816E49 = {
						CreatedOnToolsVersion = 7.3.1;
						LastSwiftMigration = 0820;
					};
				};
			};
			buildConfigurationList = D7FEA4F71D36AE3400816E49 /* Build configuration list for PBXProject "Veneer" */;
			compatibilityVersion = "Xcode 3.2";
			developmentRegion = English;
			hasScannedForEncodings = 0;
			knownRegions = (
				en,
			);
			mainGroup = D7FEA4F31D36AE3400816E49;
			productRefGroup = D7FEA4FE1D36AE3400816E49 /* Products */;
			projectDirPath = "";
			projectRoot = "";
			targets = (
				D7FEA4FC1D36AE3400816E49 /* Veneer */,
			);
		};
/* End PBXProject section */

/* Begin PBXResourcesBuildPhase section */
		D7FEA4FB1D36AE3400816E49 /* Resources */ = {
			isa = PBXResourcesBuildPhase;
			buildActionMask = 2147483647;
			files = (
			);
			runOnlyForDeploymentPostprocessing = 0;
		};
/* End PBXResourcesBuildPhase section */

/* Begin PBXSourcesBuildPhase section */
		D7FEA4F81D36AE3400816E49 /* Sources */ = {
			isa = PBXSourcesBuildPhase;
			buildActionMask = 2147483647;
			files = (
				D7FEA52D1D36B97500816E49 /* Attributes.swift in Sources */,
				D7FEA52F1D36B9CE00816E49 /* Transform.swift in Sources */,
				D7FEA52A1D36AF0B00816E49 /* Veneer+NSAttributedString.swift in Sources */,
			);
			runOnlyForDeploymentPostprocessing = 0;
		};
/* End PBXSourcesBuildPhase section */

/* Begin XCBuildConfiguration section */
		D7FEA5031D36AE3400816E49 /* Debug */ = {
			isa = XCBuildConfiguration;
			buildSettings = {
				ALWAYS_SEARCH_USER_PATHS = NO;
				CLANG_ANALYZER_NONNULL = YES;
				CLANG_CXX_LANGUAGE_STANDARD = "gnu++0x";
				CLANG_CXX_LIBRARY = "libc++";
				CLANG_ENABLE_MODULES = YES;
				CLANG_ENABLE_OBJC_ARC = YES;
				CLANG_WARN_BOOL_CONVERSION = YES;
				CLANG_WARN_CONSTANT_CONVERSION = YES;
				CLANG_WARN_DIRECT_OBJC_ISA_USAGE = YES_ERROR;
				CLANG_WARN_EMPTY_BODY = YES;
				CLANG_WARN_ENUM_CONVERSION = YES;
				CLANG_WARN_INT_CONVERSION = YES;
				CLANG_WARN_OBJC_ROOT_CLASS = YES_ERROR;
				CLANG_WARN_UNREACHABLE_CODE = YES;
				CLANG_WARN__DUPLICATE_METHOD_MATCH = YES;
				"CODE_SIGN_IDENTITY[sdk=iphoneos*]" = "iPhone Developer";
				COPY_PHASE_STRIP = NO;
				CURRENT_PROJECT_VERSION = 1;
				DEBUG_INFORMATION_FORMAT = dwarf;
				ENABLE_STRICT_OBJC_MSGSEND = YES;
				ENABLE_TESTABILITY = YES;
				GCC_C_LANGUAGE_STANDARD = gnu99;
				GCC_DYNAMIC_NO_PIC = NO;
				GCC_NO_COMMON_BLOCKS = YES;
				GCC_OPTIMIZATION_LEVEL = 0;
				GCC_PREPROCESSOR_DEFINITIONS = (
					"DEBUG=1",
					"$(inherited)",
				);
				GCC_WARN_64_TO_32_BIT_CONVERSION = YES;
				GCC_WARN_ABOUT_RETURN_TYPE = YES_ERROR;
				GCC_WARN_UNDECLARED_SELECTOR = YES;
				GCC_WARN_UNINITIALIZED_AUTOS = YES_AGGRESSIVE;
				GCC_WARN_UNUSED_FUNCTION = YES;
				GCC_WARN_UNUSED_VARIABLE = YES;
				IPHONEOS_DEPLOYMENT_TARGET = 9.3;
				MTL_ENABLE_DEBUG_INFO = YES;
				ONLY_ACTIVE_ARCH = YES;
				SDKROOT = iphoneos;
				SWIFT_OPTIMIZATION_LEVEL = "-Onone";
				TARGETED_DEVICE_FAMILY = "1,2";
				VERSIONING_SYSTEM = "apple-generic";
				VERSION_INFO_PREFIX = "";
			};
			name = Debug;
		};
		D7FEA5041D36AE3400816E49 /* Release */ = {
			isa = XCBuildConfiguration;
			buildSettings = {
				ALWAYS_SEARCH_USER_PATHS = NO;
				CLANG_ANALYZER_NONNULL = YES;
				CLANG_CXX_LANGUAGE_STANDARD = "gnu++0x";
				CLANG_CXX_LIBRARY = "libc++";
				CLANG_ENABLE_MODULES = YES;
				CLANG_ENABLE_OBJC_ARC = YES;
				CLANG_WARN_BOOL_CONVERSION = YES;
				CLANG_WARN_CONSTANT_CONVERSION = YES;
				CLANG_WARN_DIRECT_OBJC_ISA_USAGE = YES_ERROR;
				CLANG_WARN_EMPTY_BODY = YES;
				CLANG_WARN_ENUM_CONVERSION = YES;
				CLANG_WARN_INT_CONVERSION = YES;
				CLANG_WARN_OBJC_ROOT_CLASS = YES_ERROR;
				CLANG_WARN_UNREACHABLE_CODE = YES;
				CLANG_WARN__DUPLICATE_METHOD_MATCH = YES;
				"CODE_SIGN_IDENTITY[sdk=iphoneos*]" = "iPhone Developer";
				COPY_PHASE_STRIP = NO;
				CURRENT_PROJECT_VERSION = 1;
				DEBUG_INFORMATION_FORMAT = "dwarf-with-dsym";
				ENABLE_NS_ASSERTIONS = NO;
				ENABLE_STRICT_OBJC_MSGSEND = YES;
				GCC_C_LANGUAGE_STANDARD = gnu99;
				GCC_NO_COMMON_BLOCKS = YES;
				GCC_WARN_64_TO_32_BIT_CONVERSION = YES;
				GCC_WARN_ABOUT_RETURN_TYPE = YES_ERROR;
				GCC_WARN_UNDECLARED_SELECTOR = YES;
				GCC_WARN_UNINITIALIZED_AUTOS = YES_AGGRESSIVE;
				GCC_WARN_UNUSED_FUNCTION = YES;
				GCC_WARN_UNUSED_VARIABLE = YES;
				IPHONEOS_DEPLOYMENT_TARGET = 9.3;
				MTL_ENABLE_DEBUG_INFO = NO;
				SDKROOT = iphoneos;
				TARGETED_DEVICE_FAMILY = "1,2";
				VALIDATE_PRODUCT = YES;
				VERSIONING_SYSTEM = "apple-generic";
				VERSION_INFO_PREFIX = "";
			};
			name = Release;
		};
		D7FEA5061D36AE3400816E49 /* Debug */ = {
			isa = XCBuildConfiguration;
			buildSettings = {
				CLANG_ENABLE_MODULES = YES;
				DEFINES_MODULE = YES;
				DYLIB_COMPATIBILITY_VERSION = 1;
				DYLIB_CURRENT_VERSION = 1;
				DYLIB_INSTALL_NAME_BASE = "@rpath";
				INFOPLIST_FILE = "$(SRCROOT)/Sources/Info.plist";
				INSTALL_PATH = "$(LOCAL_LIBRARY_DIR)/Frameworks";
				LD_RUNPATH_SEARCH_PATHS = "$(inherited) @executable_path/Frameworks @loader_path/Frameworks";
				PRODUCT_BUNDLE_IDENTIFIER = com.wesscope.Veneer;
				PRODUCT_NAME = "$(TARGET_NAME)";
				SKIP_INSTALL = YES;
				SWIFT_OPTIMIZATION_LEVEL = "-Onone";
				SWIFT_VERSION = 3.0;
			};
			name = Debug;
		};
		D7FEA5071D36AE3400816E49 /* Release */ = {
			isa = XCBuildConfiguration;
			buildSettings = {
				CLANG_ENABLE_MODULES = YES;
				DEFINES_MODULE = YES;
				DYLIB_COMPATIBILITY_VERSION = 1;
				DYLIB_CURRENT_VERSION = 1;
				DYLIB_INSTALL_NAME_BASE = "@rpath";
				INFOPLIST_FILE = "$(SRCROOT)/Sources/Info.plist";
				INSTALL_PATH = "$(LOCAL_LIBRARY_DIR)/Frameworks";
				LD_RUNPATH_SEARCH_PATHS = "$(inherited) @executable_path/Frameworks @loader_path/Frameworks";
				PRODUCT_BUNDLE_IDENTIFIER = com.wesscope.Veneer;
				PRODUCT_NAME = "$(TARGET_NAME)";
				SKIP_INSTALL = YES;
				SWIFT_VERSION = 3.0;
			};
			name = Release;
		};
/* End XCBuildConfiguration section */

/* Begin XCConfigurationList section */
		D7FEA4F71D36AE3400816E49 /* Build configuration list for PBXProject "Veneer" */ = {
			isa = XCConfigurationList;
			buildConfigurations = (
				D7FEA5031D36AE3400816E49 /* Debug */,
				D7FEA5041D36AE3400816E49 /* Release */,
			);
			defaultConfigurationIsVisible = 0;
			defaultConfigurationName = Release;
		};
		D7FEA5051D36AE3400816E49 /* Build configuration list for PBXNativeTarget "Veneer" */ = {
			isa = XCConfigurationList;
			buildConfigurations = (
				D7FEA5061D36AE3400816E49 /* Debug */,
				D7FEA5071D36AE3400816E49 /* Release */,
			);
			defaultConfigurationIsVisible = 0;
			defaultConfigurationName = Release;
		};
/* End XCConfigurationList section */
	};
	rootObject = D7FEA4F41D36AE3400816E49 /* Project object */;
}
